// !$*UTF8*$!
{
	archiveVersion = 1;
	classes = {
	};
	objectVersion = 56;
	objects = {

/* Begin PBXBuildFile section */
		A08932C82A6EC3BF00C2903F /* AppDelegate.swift in Sources */ = {isa = PBXBuildFile; fileRef = A08932C72A6EC3BF00C2903F /* AppDelegate.swift */; };
		A08932CA2A6EC3BF00C2903F /* SceneDelegate.swift in Sources */ = {isa = PBXBuildFile; fileRef = A08932C92A6EC3BF00C2903F /* SceneDelegate.swift */; };
		A08932CC2A6EC3BF00C2903F /* ViewController.swift in Sources */ = {isa = PBXBuildFile; fileRef = A08932CB2A6EC3BF00C2903F /* ViewController.swift */; };
		A08932CF2A6EC3BF00C2903F /* Main.storyboard in Resources */ = {isa = PBXBuildFile; fileRef = A08932CD2A6EC3BF00C2903F /* Main.storyboard */; };
		A08932D12A6EC3C100C2903F /* Assets.xcassets in Resources */ = {isa = PBXBuildFile; fileRef = A08932D02A6EC3C100C2903F /* Assets.xcassets */; };
		A08932D42A6EC3C100C2903F /* LaunchScreen.storyboard in Resources */ = {isa = PBXBuildFile; fileRef = A08932D22A6EC3C100C2903F /* LaunchScreen.storyboard */; };
		A09976B22A960EC100445BD4 /* GoogleService-Info.plist in Resources */ = {isa = PBXBuildFile; fileRef = A09976B12A960EC100445BD4 /* GoogleService-Info.plist */; };
		A09976B52A960F3100445BD4 /* FirebaseAnalytics in Frameworks */ = {isa = PBXBuildFile; productRef = A09976B42A960F3100445BD4 /* FirebaseAnalytics */; };
		A09976B72A960F3100445BD4 /* FirebaseAnalyticsOnDeviceConversion in Frameworks */ = {isa = PBXBuildFile; productRef = A09976B62A960F3100445BD4 /* FirebaseAnalyticsOnDeviceConversion */; };
		A09976B92A960F3100445BD4 /* FirebaseAnalyticsSwift in Frameworks */ = {isa = PBXBuildFile; productRef = A09976B82A960F3100445BD4 /* FirebaseAnalyticsSwift */; };
		A09976BB2A960F3100445BD4 /* FirebaseAnalyticsWithoutAdIdSupport in Frameworks */ = {isa = PBXBuildFile; productRef = A09976BA2A960F3100445BD4 /* FirebaseAnalyticsWithoutAdIdSupport */; };
		A09976BD2A960F3100445BD4 /* FirebaseAppCheck in Frameworks */ = {isa = PBXBuildFile; productRef = A09976BC2A960F3100445BD4 /* FirebaseAppCheck */; };
		A09976BF2A960F3100445BD4 /* FirebaseAppDistribution-Beta in Frameworks */ = {isa = PBXBuildFile; productRef = A09976BE2A960F3100445BD4 /* FirebaseAppDistribution-Beta */; };
		A09976C12A960F3100445BD4 /* FirebaseAuth in Frameworks */ = {isa = PBXBuildFile; productRef = A09976C02A960F3100445BD4 /* FirebaseAuth */; };
		A09976C32A960F3100445BD4 /* FirebaseAuthCombine-Community in Frameworks */ = {isa = PBXBuildFile; productRef = A09976C22A960F3100445BD4 /* FirebaseAuthCombine-Community */; };
		A09976C52A960F3100445BD4 /* FirebaseCrashlytics in Frameworks */ = {isa = PBXBuildFile; productRef = A09976C42A960F3100445BD4 /* FirebaseCrashlytics */; };
		A09976C72A960F3100445BD4 /* FirebaseDatabase in Frameworks */ = {isa = PBXBuildFile; productRef = A09976C62A960F3100445BD4 /* FirebaseDatabase */; };
		A09976C92A960F3100445BD4 /* FirebaseDatabaseSwift in Frameworks */ = {isa = PBXBuildFile; productRef = A09976C82A960F3100445BD4 /* FirebaseDatabaseSwift */; };
		A09976CB2A960F3100445BD4 /* FirebaseDynamicLinks in Frameworks */ = {isa = PBXBuildFile; productRef = A09976CA2A960F3100445BD4 /* FirebaseDynamicLinks */; };
		A09976CD2A960F3100445BD4 /* FirebaseFirestore in Frameworks */ = {isa = PBXBuildFile; productRef = A09976CC2A960F3100445BD4 /* FirebaseFirestore */; };
		A09976CF2A960F3100445BD4 /* FirebaseFirestoreCombine-Community in Frameworks */ = {isa = PBXBuildFile; productRef = A09976CE2A960F3100445BD4 /* FirebaseFirestoreCombine-Community */; };
		A09976D12A960F3100445BD4 /* FirebaseFirestoreSwift in Frameworks */ = {isa = PBXBuildFile; productRef = A09976D02A960F3100445BD4 /* FirebaseFirestoreSwift */; };
		A09976D32A960F3100445BD4 /* FirebaseFunctions in Frameworks */ = {isa = PBXBuildFile; productRef = A09976D22A960F3100445BD4 /* FirebaseFunctions */; };
		A09976D52A960F3100445BD4 /* FirebaseFunctionsCombine-Community in Frameworks */ = {isa = PBXBuildFile; productRef = A09976D42A960F3100445BD4 /* FirebaseFunctionsCombine-Community */; };
		A09976D72A960F3100445BD4 /* FirebaseInAppMessaging-Beta in Frameworks */ = {isa = PBXBuildFile; productRef = A09976D62A960F3100445BD4 /* FirebaseInAppMessaging-Beta */; };
		A09976D92A960F3100445BD4 /* FirebaseInAppMessagingSwift-Beta in Frameworks */ = {isa = PBXBuildFile; productRef = A09976D82A960F3100445BD4 /* FirebaseInAppMessagingSwift-Beta */; };
		A09976DB2A960F3100445BD4 /* FirebaseInstallations in Frameworks */ = {isa = PBXBuildFile; productRef = A09976DA2A960F3100445BD4 /* FirebaseInstallations */; };
		A09976DD2A960F3100445BD4 /* FirebaseMLModelDownloader in Frameworks */ = {isa = PBXBuildFile; productRef = A09976DC2A960F3100445BD4 /* FirebaseMLModelDownloader */; };
		A09976DF2A960F3100445BD4 /* FirebaseMessaging in Frameworks */ = {isa = PBXBuildFile; productRef = A09976DE2A960F3100445BD4 /* FirebaseMessaging */; };
		A09976E12A960F3100445BD4 /* FirebasePerformance in Frameworks */ = {isa = PBXBuildFile; productRef = A09976E02A960F3100445BD4 /* FirebasePerformance */; };
		A09976E32A960F3100445BD4 /* FirebaseRemoteConfig in Frameworks */ = {isa = PBXBuildFile; productRef = A09976E22A960F3100445BD4 /* FirebaseRemoteConfig */; };
		A09976E52A960F3100445BD4 /* FirebaseRemoteConfigSwift in Frameworks */ = {isa = PBXBuildFile; productRef = A09976E42A960F3100445BD4 /* FirebaseRemoteConfigSwift */; };
		A09976E72A960F3100445BD4 /* FirebaseStorage in Frameworks */ = {isa = PBXBuildFile; productRef = A09976E62A960F3100445BD4 /* FirebaseStorage */; };
		A09976E92A960F3100445BD4 /* FirebaseStorageCombine-Community in Frameworks */ = {isa = PBXBuildFile; productRef = A09976E82A960F3100445BD4 /* FirebaseStorageCombine-Community */; };
/* End PBXBuildFile section */

/* Begin PBXFileReference section */
		A08932C42A6EC3BF00C2903F /* Personal Training app.app */ = {isa = PBXFileReference; explicitFileType = wrapper.application; includeInIndex = 0; path = "Personal Training app.app"; sourceTree = BUILT_PRODUCTS_DIR; };
		A08932C72A6EC3BF00C2903F /* AppDelegate.swift */ = {isa = PBXFileReference; lastKnownFileType = sourcecode.swift; path = AppDelegate.swift; sourceTree = "<group>"; };
		A08932C92A6EC3BF00C2903F /* SceneDelegate.swift */ = {isa = PBXFileReference; lastKnownFileType = sourcecode.swift; path = SceneDelegate.swift; sourceTree = "<group>"; };
		A08932CB2A6EC3BF00C2903F /* ViewController.swift */ = {isa = PBXFileReference; lastKnownFileType = sourcecode.swift; path = ViewController.swift; sourceTree = "<group>"; };
		A08932CE2A6EC3BF00C2903F /* Base */ = {isa = PBXFileReference; lastKnownFileType = file.storyboard; name = Base; path = Base.lproj/Main.storyboard; sourceTree = "<group>"; };
		A08932D02A6EC3C100C2903F /* Assets.xcassets */ = {isa = PBXFileReference; lastKnownFileType = folder.assetcatalog; path = Assets.xcassets; sourceTree = "<group>"; };
		A08932D32A6EC3C100C2903F /* Base */ = {isa = PBXFileReference; lastKnownFileType = file.storyboard; name = Base; path = Base.lproj/LaunchScreen.storyboard; sourceTree = "<group>"; };
		A08932D52A6EC3C100C2903F /* Info.plist */ = {isa = PBXFileReference; lastKnownFileType = text.plist.xml; path = Info.plist; sourceTree = "<group>"; };
		A09976B12A960EC100445BD4 /* GoogleService-Info.plist */ = {isa = PBXFileReference; fileEncoding = 4; lastKnownFileType = text.plist.xml; path = "GoogleService-Info.plist"; sourceTree = "<group>"; };
/* End PBXFileReference section */

/* Begin PBXFrameworksBuildPhase section */
		A08932C12A6EC3BF00C2903F /* Frameworks */ = {
			isa = PBXFrameworksBuildPhase;
			buildActionMask = 2147483647;
			files = (
				A09976C72A960F3100445BD4 /* FirebaseDatabase in Frameworks */,
				A09976D52A960F3100445BD4 /* FirebaseFunctionsCombine-Community in Frameworks */,
				A09976CD2A960F3100445BD4 /* FirebaseFirestore in Frameworks */,
				A09976B92A960F3100445BD4 /* FirebaseAnalyticsSwift in Frameworks */,
				A09976B52A960F3100445BD4 /* FirebaseAnalytics in Frameworks */,
				A09976B72A960F3100445BD4 /* FirebaseAnalyticsOnDeviceConversion in Frameworks */,
				A09976DD2A960F3100445BD4 /* FirebaseMLModelDownloader in Frameworks */,
				A09976D12A960F3100445BD4 /* FirebaseFirestoreSwift in Frameworks */,
				A09976BD2A960F3100445BD4 /* FirebaseAppCheck in Frameworks */,
				A09976BB2A960F3100445BD4 /* FirebaseAnalyticsWithoutAdIdSupport in Frameworks */,
				A09976C12A960F3100445BD4 /* FirebaseAuth in Frameworks */,
				A09976C52A960F3100445BD4 /* FirebaseCrashlytics in Frameworks */,
				A09976E52A960F3100445BD4 /* FirebaseRemoteConfigSwift in Frameworks */,
				A09976D72A960F3100445BD4 /* FirebaseInAppMessaging-Beta in Frameworks */,
				A09976C92A960F3100445BD4 /* FirebaseDatabaseSwift in Frameworks */,
				A09976D32A960F3100445BD4 /* FirebaseFunctions in Frameworks */,
				A09976E92A960F3100445BD4 /* FirebaseStorageCombine-Community in Frameworks */,
				A09976E32A960F3100445BD4 /* FirebaseRemoteConfig in Frameworks */,
				A09976BF2A960F3100445BD4 /* FirebaseAppDistribution-Beta in Frameworks */,
				A09976C32A960F3100445BD4 /* FirebaseAuthCombine-Community in Frameworks */,
				A09976E12A960F3100445BD4 /* FirebasePerformance in Frameworks */,
				A09976D92A960F3100445BD4 /* FirebaseInAppMessagingSwift-Beta in Frameworks */,
				A09976E72A960F3100445BD4 /* FirebaseStorage in Frameworks */,
				A09976CB2A960F3100445BD4 /* FirebaseDynamicLinks in Frameworks */,
				A09976CF2A960F3100445BD4 /* FirebaseFirestoreCombine-Community in Frameworks */,
				A09976DF2A960F3100445BD4 /* FirebaseMessaging in Frameworks */,
				A09976DB2A960F3100445BD4 /* FirebaseInstallations in Frameworks */,
			);
			runOnlyForDeploymentPostprocessing = 0;
		};
/* End PBXFrameworksBuildPhase section */

/* Begin PBXGroup section */
		A08932BB2A6EC3BF00C2903F = {
			isa = PBXGroup;
			children = (
				A08932C62A6EC3BF00C2903F /* Personal Training app */,
				A09976B12A960EC100445BD4 /* GoogleService-Info.plist */,
				A08932C52A6EC3BF00C2903F /* Products */,
			);
			sourceTree = "<group>";
		};
		A08932C52A6EC3BF00C2903F /* Products */ = {
			isa = PBXGroup;
			children = (
				A08932C42A6EC3BF00C2903F /* Personal Training app.app */,
			);
			name = Products;
			sourceTree = "<group>";
		};
		A08932C62A6EC3BF00C2903F /* Personal Training app */ = {
			isa = PBXGroup;
			children = (
				A08932C72A6EC3BF00C2903F /* AppDelegate.swift */,
				A08932C92A6EC3BF00C2903F /* SceneDelegate.swift */,
				A08932CB2A6EC3BF00C2903F /* ViewController.swift */,
				A08932CD2A6EC3BF00C2903F /* Main.storyboard */,
				A08932D02A6EC3C100C2903F /* Assets.xcassets */,
				A08932D22A6EC3C100C2903F /* LaunchScreen.storyboard */,
				A08932D52A6EC3C100C2903F /* Info.plist */,
			);
			path = "Personal Training app";
			sourceTree = "<group>";
		};
/* End PBXGroup section */

/* Begin PBXNativeTarget section */
		A08932C32A6EC3BF00C2903F /* Personal Training app */ = {
			isa = PBXNativeTarget;
			buildConfigurationList = A08932D82A6EC3C100C2903F /* Build configuration list for PBXNativeTarget "Personal Training app" */;
			buildPhases = (
				A08932C02A6EC3BF00C2903F /* Sources */,
				A08932C12A6EC3BF00C2903F /* Frameworks */,
				A08932C22A6EC3BF00C2903F /* Resources */,
			);
			buildRules = (
			);
			dependencies = (
			);
			name = "Personal Training app";
			packageProductDependencies = (
				A09976B42A960F3100445BD4 /* FirebaseAnalytics */,
				A09976B62A960F3100445BD4 /* FirebaseAnalyticsOnDeviceConversion */,
				A09976B82A960F3100445BD4 /* FirebaseAnalyticsSwift */,
				A09976BA2A960F3100445BD4 /* FirebaseAnalyticsWithoutAdIdSupport */,
				A09976BC2A960F3100445BD4 /* FirebaseAppCheck */,
				A09976BE2A960F3100445BD4 /* FirebaseAppDistribution-Beta */,
				A09976C02A960F3100445BD4 /* FirebaseAuth */,
				A09976C22A960F3100445BD4 /* FirebaseAuthCombine-Community */,
				A09976C42A960F3100445BD4 /* FirebaseCrashlytics */,
				A09976C62A960F3100445BD4 /* FirebaseDatabase */,
				A09976C82A960F3100445BD4 /* FirebaseDatabaseSwift */,
				A09976CA2A960F3100445BD4 /* FirebaseDynamicLinks */,
				A09976CC2A960F3100445BD4 /* FirebaseFirestore */,
				A09976CE2A960F3100445BD4 /* FirebaseFirestoreCombine-Community */,
				A09976D02A960F3100445BD4 /* FirebaseFirestoreSwift */,
				A09976D22A960F3100445BD4 /* FirebaseFunctions */,
				A09976D42A960F3100445BD4 /* FirebaseFunctionsCombine-Community */,
				A09976D62A960F3100445BD4 /* FirebaseInAppMessaging-Beta */,
				A09976D82A960F3100445BD4 /* FirebaseInAppMessagingSwift-Beta */,
				A09976DA2A960F3100445BD4 /* FirebaseInstallations */,
				A09976DC2A960F3100445BD4 /* FirebaseMLModelDownloader */,
				A09976DE2A960F3100445BD4 /* FirebaseMessaging */,
				A09976E02A960F3100445BD4 /* FirebasePerformance */,
				A09976E22A960F3100445BD4 /* FirebaseRemoteConfig */,
				A09976E42A960F3100445BD4 /* FirebaseRemoteConfigSwift */,
				A09976E62A960F3100445BD4 /* FirebaseStorage */,
				A09976E82A960F3100445BD4 /* FirebaseStorageCombine-Community */,
			);
			productName = "Personal Training app";
			productReference = A08932C42A6EC3BF00C2903F /* Personal Training app.app */;
			productType = "com.apple.product-type.application";
		};
/* End PBXNativeTarget section */

/* Begin PBXProject section */
		A08932BC2A6EC3BF00C2903F /* Project object */ = {
			isa = PBXProject;
			attributes = {
				BuildIndependentTargetsInParallel = 1;
				LastSwiftUpdateCheck = 1430;
				LastUpgradeCheck = 1430;
				TargetAttributes = {
					A08932C32A6EC3BF00C2903F = {
						CreatedOnToolsVersion = 14.3.1;
					};
				};
			};
			buildConfigurationList = A08932BF2A6EC3BF00C2903F /* Build configuration list for PBXProject "Personal Training app" */;
			compatibilityVersion = "Xcode 14.0";
			developmentRegion = en;
			hasScannedForEncodings = 0;
			knownRegions = (
				en,
				Base,
			);
			mainGroup = A08932BB2A6EC3BF00C2903F;
			packageReferences = (
				A09976B32A960F3000445BD4 /* XCRemoteSwiftPackageReference "firebase-ios-sdk" */,
			);
			productRefGroup = A08932C52A6EC3BF00C2903F /* Products */;
			projectDirPath = "";
			projectRoot = "";
			targets = (
				A08932C32A6EC3BF00C2903F /* Personal Training app */,
			);
		};
/* End PBXProject section */

/* Begin PBXResourcesBuildPhase section */
		A08932C22A6EC3BF00C2903F /* Resources */ = {
			isa = PBXResourcesBuildPhase;
			buildActionMask = 2147483647;
			files = (
				A08932D42A6EC3C100C2903F /* LaunchScreen.storyboard in Resources */,
				A09976B22A960EC100445BD4 /* GoogleService-Info.plist in Resources */,
				A08932D12A6EC3C100C2903F /* Assets.xcassets in Resources */,
				A08932CF2A6EC3BF00C2903F /* Main.storyboard in Resources */,
			);
			runOnlyForDeploymentPostprocessing = 0;
		};
/* End PBXResourcesBuildPhase section */

/* Begin PBXSourcesBuildPhase section */
		A08932C02A6EC3BF00C2903F /* Sources */ = {
			isa = PBXSourcesBuildPhase;
			buildActionMask = 2147483647;
			files = (
				A08932CC2A6EC3BF00C2903F /* ViewController.swift in Sources */,
				A08932C82A6EC3BF00C2903F /* AppDelegate.swift in Sources */,
				A08932CA2A6EC3BF00C2903F /* SceneDelegate.swift in Sources */,
			);
			runOnlyForDeploymentPostprocessing = 0;
		};
/* End PBXSourcesBuildPhase section */

/* Begin PBXVariantGroup section */
		A08932CD2A6EC3BF00C2903F /* Main.storyboard */ = {
			isa = PBXVariantGroup;
			children = (
				A08932CE2A6EC3BF00C2903F /* Base */,
			);
			name = Main.storyboard;
			sourceTree = "<group>";
		};
		A08932D22A6EC3C100C2903F /* LaunchScreen.storyboard */ = {
			isa = PBXVariantGroup;
			children = (
				A08932D32A6EC3C100C2903F /* Base */,
			);
			name = LaunchScreen.storyboard;
			sourceTree = "<group>";
		};
/* End PBXVariantGroup section */

/* Begin XCBuildConfiguration section */
		A08932D62A6EC3C100C2903F /* Debug */ = {
			isa = XCBuildConfiguration;
			buildSettings = {
				ALWAYS_SEARCH_USER_PATHS = NO;
				CLANG_ANALYZER_NONNULL = YES;
				CLANG_ANALYZER_NUMBER_OBJECT_CONVERSION = YES_AGGRESSIVE;
				CLANG_CXX_LANGUAGE_STANDARD = "gnu++20";
				CLANG_ENABLE_MODULES = YES;
				CLANG_ENABLE_OBJC_ARC = YES;
				CLANG_ENABLE_OBJC_WEAK = YES;
				CLANG_WARN_BLOCK_CAPTURE_AUTORELEASING = YES;
				CLANG_WARN_BOOL_CONVERSION = YES;
				CLANG_WARN_COMMA = YES;
				CLANG_WARN_CONSTANT_CONVERSION = YES;
				CLANG_WARN_DEPRECATED_OBJC_IMPLEMENTATIONS = YES;
				CLANG_WARN_DIRECT_OBJC_ISA_USAGE = YES_ERROR;
				CLANG_WARN_DOCUMENTATION_COMMENTS = YES;
				CLANG_WARN_EMPTY_BODY = YES;
				CLANG_WARN_ENUM_CONVERSION = YES;
				CLANG_WARN_INFINITE_RECURSION = YES;
				CLANG_WARN_INT_CONVERSION = YES;
				CLANG_WARN_NON_LITERAL_NULL_CONVERSION = YES;
				CLANG_WARN_OBJC_IMPLICIT_RETAIN_SELF = YES;
				CLANG_WARN_OBJC_LITERAL_CONVERSION = YES;
				CLANG_WARN_OBJC_ROOT_CLASS = YES_ERROR;
				CLANG_WARN_QUOTED_INCLUDE_IN_FRAMEWORK_HEADER = YES;
				CLANG_WARN_RANGE_LOOP_ANALYSIS = YES;
				CLANG_WARN_STRICT_PROTOTYPES = YES;
				CLANG_WARN_SUSPICIOUS_MOVE = YES;
				CLANG_WARN_UNGUARDED_AVAILABILITY = YES_AGGRESSIVE;
				CLANG_WARN_UNREACHABLE_CODE = YES;
				CLANG_WARN__DUPLICATE_METHOD_MATCH = YES;
				COPY_PHASE_STRIP = NO;
				DEBUG_INFORMATION_FORMAT = dwarf;
				ENABLE_STRICT_OBJC_MSGSEND = YES;
				ENABLE_TESTABILITY = YES;
				GCC_C_LANGUAGE_STANDARD = gnu11;
				GCC_DYNAMIC_NO_PIC = NO;
				GCC_NO_COMMON_BLOCKS = YES;
				GCC_OPTIMIZATION_LEVEL = 0;
				GCC_PREPROCESSOR_DEFINITIONS = (
					"DEBUG=1",
					"$(inherited)",
				);
				GCC_WARN_64_TO_32_BIT_CONVERSION = YES;
				GCC_WARN_ABOUT_RETURN_TYPE = YES_ERROR;
				GCC_WARN_UNDECLARED_SELECTOR = YES;
				GCC_WARN_UNINITIALIZED_AUTOS = YES_AGGRESSIVE;
				GCC_WARN_UNUSED_FUNCTION = YES;
				GCC_WARN_UNUSED_VARIABLE = YES;
				IPHONEOS_DEPLOYMENT_TARGET = 16.4;
				MTL_ENABLE_DEBUG_INFO = INCLUDE_SOURCE;
				MTL_FAST_MATH = YES;
				ONLY_ACTIVE_ARCH = YES;
				SDKROOT = iphoneos;
				SWIFT_ACTIVE_COMPILATION_CONDITIONS = DEBUG;
				SWIFT_OPTIMIZATION_LEVEL = "-Onone";
			};
			name = Debug;
		};
		A08932D72A6EC3C100C2903F /* Release */ = {
			isa = XCBuildConfiguration;
			buildSettings = {
				ALWAYS_SEARCH_USER_PATHS = NO;
				CLANG_ANALYZER_NONNULL = YES;
				CLANG_ANALYZER_NUMBER_OBJECT_CONVERSION = YES_AGGRESSIVE;
				CLANG_CXX_LANGUAGE_STANDARD = "gnu++20";
				CLANG_ENABLE_MODULES = YES;
				CLANG_ENABLE_OBJC_ARC = YES;
				CLANG_ENABLE_OBJC_WEAK = YES;
				CLANG_WARN_BLOCK_CAPTURE_AUTORELEASING = YES;
				CLANG_WARN_BOOL_CONVERSION = YES;
				CLANG_WARN_COMMA = YES;
				CLANG_WARN_CONSTANT_CONVERSION = YES;
				CLANG_WARN_DEPRECATED_OBJC_IMPLEMENTATIONS = YES;
				CLANG_WARN_DIRECT_OBJC_ISA_USAGE = YES_ERROR;
				CLANG_WARN_DOCUMENTATION_COMMENTS = YES;
				CLANG_WARN_EMPTY_BODY = YES;
				CLANG_WARN_ENUM_CONVERSION = YES;
				CLANG_WARN_INFINITE_RECURSION = YES;
				CLANG_WARN_INT_CONVERSION = YES;
				CLANG_WARN_NON_LITERAL_NULL_CONVERSION = YES;
				CLANG_WARN_OBJC_IMPLICIT_RETAIN_SELF = YES;
				CLANG_WARN_OBJC_LITERAL_CONVERSION = YES;
				CLANG_WARN_OBJC_ROOT_CLASS = YES_ERROR;
				CLANG_WARN_QUOTED_INCLUDE_IN_FRAMEWORK_HEADER = YES;
				CLANG_WARN_RANGE_LOOP_ANALYSIS = YES;
				CLANG_WARN_STRICT_PROTOTYPES = YES;
				CLANG_WARN_SUSPICIOUS_MOVE = YES;
				CLANG_WARN_UNGUARDED_AVAILABILITY = YES_AGGRESSIVE;
				CLANG_WARN_UNREACHABLE_CODE = YES;
				CLANG_WARN__DUPLICATE_METHOD_MATCH = YES;
				COPY_PHASE_STRIP = NO;
				DEBUG_INFORMATION_FORMAT = "dwarf-with-dsym";
				ENABLE_NS_ASSERTIONS = NO;
				ENABLE_STRICT_OBJC_MSGSEND = YES;
				GCC_C_LANGUAGE_STANDARD = gnu11;
				GCC_NO_COMMON_BLOCKS = YES;
				GCC_WARN_64_TO_32_BIT_CONVERSION = YES;
				GCC_WARN_ABOUT_RETURN_TYPE = YES_ERROR;
				GCC_WARN_UNDECLARED_SELECTOR = YES;
				GCC_WARN_UNINITIALIZED_AUTOS = YES_AGGRESSIVE;
				GCC_WARN_UNUSED_FUNCTION = YES;
				GCC_WARN_UNUSED_VARIABLE = YES;
				IPHONEOS_DEPLOYMENT_TARGET = 16.4;
				MTL_ENABLE_DEBUG_INFO = NO;
				MTL_FAST_MATH = YES;
				SDKROOT = iphoneos;
				SWIFT_COMPILATION_MODE = wholemodule;
				SWIFT_OPTIMIZATION_LEVEL = "-O";
				VALIDATE_PRODUCT = YES;
			};
			name = Release;
		};
		A08932D92A6EC3C100C2903F /* Debug */ = {
			isa = XCBuildConfiguration;
			buildSettings = {
				ASSETCATALOG_COMPILER_APPICON_NAME = AppIcon;
				ASSETCATALOG_COMPILER_GLOBAL_ACCENT_COLOR_NAME = AccentColor;
				CODE_SIGN_STYLE = Automatic;
				CURRENT_PROJECT_VERSION = 1;
				DEVELOPMENT_TEAM = 8Z9CU7FVMB;
				GENERATE_INFOPLIST_FILE = YES;
				INFOPLIST_FILE = "Personal Training app/Info.plist";
				INFOPLIST_KEY_LSApplicationCategoryType = "public.app-category.healthcare-fitness";
				INFOPLIST_KEY_UIApplicationSupportsIndirectInputEvents = YES;
				INFOPLIST_KEY_UILaunchStoryboardName = LaunchScreen;
				INFOPLIST_KEY_UIMainStoryboardFile = Main;
				INFOPLIST_KEY_UISupportedInterfaceOrientations_iPad = "UIInterfaceOrientationPortrait UIInterfaceOrientationPortraitUpsideDown UIInterfaceOrientationLandscapeLeft UIInterfaceOrientationLandscapeRight";
				INFOPLIST_KEY_UISupportedInterfaceOrientations_iPhone = "UIInterfaceOrientationPortrait UIInterfaceOrientationLandscapeLeft UIInterfaceOrientationLandscapeRight";
				IPHONEOS_DEPLOYMENT_TARGET = 16.0;
				LD_RUNPATH_SEARCH_PATHS = (
					"$(inherited)",
					"@executable_path/Frameworks",
				);
				MARKETING_VERSION = 1.0;
				PRODUCT_BUNDLE_IDENTIFIER = "Meaw.Personal-Training-app";
				PRODUCT_NAME = "$(TARGET_NAME)";
				SUPPORTED_PLATFORMS = "iphoneos iphonesimulator";
				SUPPORTS_MACCATALYST = NO;
				SUPPORTS_MAC_DESIGNED_FOR_IPHONE_IPAD = NO;
				SWIFT_EMIT_LOC_STRINGS = YES;
				SWIFT_VERSION = 5.0;
				TARGETED_DEVICE_FAMILY = 1;
			};
			name = Debug;
		};
		A08932DA2A6EC3C100C2903F /* Release */ = {
			isa = XCBuildConfiguration;
			buildSettings = {
				ASSETCATALOG_COMPILER_APPICON_NAME = AppIcon;
				ASSETCATALOG_COMPILER_GLOBAL_ACCENT_COLOR_NAME = AccentColor;
				CODE_SIGN_STYLE = Automatic;
				CURRENT_PROJECT_VERSION = 1;
				DEVELOPMENT_TEAM = 8Z9CU7FVMB;
				GENERATE_INFOPLIST_FILE = YES;
				INFOPLIST_FILE = "Personal Training app/Info.plist";
				INFOPLIST_KEY_LSApplicationCategoryType = "public.app-category.healthcare-fitness";
				INFOPLIST_KEY_UIApplicationSupportsIndirectInputEvents = YES;
				INFOPLIST_KEY_UILaunchStoryboardName = LaunchScreen;
				INFOPLIST_KEY_UIMainStoryboardFile = Main;
				INFOPLIST_KEY_UISupportedInterfaceOrientations_iPad = "UIInterfaceOrientationPortrait UIInterfaceOrientationPortraitUpsideDown UIInterfaceOrientationLandscapeLeft UIInterfaceOrientationLandscapeRight";
				INFOPLIST_KEY_UISupportedInterfaceOrientations_iPhone = "UIInterfaceOrientationPortrait UIInterfaceOrientationLandscapeLeft UIInterfaceOrientationLandscapeRight";
				IPHONEOS_DEPLOYMENT_TARGET = 16.0;
				LD_RUNPATH_SEARCH_PATHS = (
					"$(inherited)",
					"@executable_path/Frameworks",
				);
				MARKETING_VERSION = 1.0;
				PRODUCT_BUNDLE_IDENTIFIER = "Meaw.Personal-Training-app";
				PRODUCT_NAME = "$(TARGET_NAME)";
				SUPPORTED_PLATFORMS = "iphoneos iphonesimulator";
				SUPPORTS_MACCATALYST = NO;
				SUPPORTS_MAC_DESIGNED_FOR_IPHONE_IPAD = NO;
				SWIFT_EMIT_LOC_STRINGS = YES;
				SWIFT_VERSION = 5.0;
				TARGETED_DEVICE_FAMILY = 1;
			};
			name = Release;
		};
/* End XCBuildConfiguration section */

/* Begin XCConfigurationList section */
		A08932BF2A6EC3BF00C2903F /* Build configuration list for PBXProject "Personal Training app" */ = {
			isa = XCConfigurationList;
			buildConfigurations = (
				A08932D62A6EC3C100C2903F /* Debug */,
				A08932D72A6EC3C100C2903F /* Release */,
			);
			defaultConfigurationIsVisible = 0;
			defaultConfigurationName = Release;
		};
		A08932D82A6EC3C100C2903F /* Build configuration list for PBXNativeTarget "Personal Training app" */ = {
			isa = XCConfigurationList;
			buildConfigurations = (
				A08932D92A6EC3C100C2903F /* Debug */,
				A08932DA2A6EC3C100C2903F /* Release */,
			);
			defaultConfigurationIsVisible = 0;
			defaultConfigurationName = Release;
		};
/* End XCConfigurationList section */

/* Begin XCRemoteSwiftPackageReference section */
		A09976B32A960F3000445BD4 /* XCRemoteSwiftPackageReference "firebase-ios-sdk" */ = {
			isa = XCRemoteSwiftPackageReference;
			repositoryURL = "https://github.com/firebase/firebase-ios-sdk";
			requirement = {
				kind = upToNextMajorVersion;
				minimumVersion = 10.0.0;
			};
		};
/* End XCRemoteSwiftPackageReference section */

/* Begin XCSwiftPackageProductDependency section */
		A09976B42A960F3100445BD4 /* FirebaseAnalytics */ = {
			isa = XCSwiftPackageProductDependency;
			package = A09976B32A960F3000445BD4 /* XCRemoteSwiftPackageReference "firebase-ios-sdk" */;
			productName = FirebaseAnalytics;
		};
		A09976B62A960F3100445BD4 /* FirebaseAnalyticsOnDeviceConversion */ = {
			isa = XCSwiftPackageProductDependency;
			package = A09976B32A960F3000445BD4 /* XCRemoteSwiftPackageReference "firebase-ios-sdk" */;
			productName = FirebaseAnalyticsOnDeviceConversion;
		};
		A09976B82A960F3100445BD4 /* FirebaseAnalyticsSwift */ = {
			isa = XCSwiftPackageProductDependency;
			package = A09976B32A960F3000445BD4 /* XCRemoteSwiftPackageReference "firebase-ios-sdk" */;
			productName = FirebaseAnalyticsSwift;
		};
		A09976BA2A960F3100445BD4 /* FirebaseAnalyticsWithoutAdIdSupport */ = {
			isa = XCSwiftPackageProductDependency;
			package = A09976B32A960F3000445BD4 /* XCRemoteSwiftPackageReference "firebase-ios-sdk" */;
			productName = FirebaseAnalyticsWithoutAdIdSupport;
		};
		A09976BC2A960F3100445BD4 /* FirebaseAppCheck */ = {
			isa = XCSwiftPackageProductDependency;
			package = A09976B32A960F3000445BD4 /* XCRemoteSwiftPackageReference "firebase-ios-sdk" */;
			productName = FirebaseAppCheck;
		};
		A09976BE2A960F3100445BD4 /* FirebaseAppDistribution-Beta */ = {
			isa = XCSwiftPackageProductDependency;
			package = A09976B32A960F3000445BD4 /* XCRemoteSwiftPackageReference "firebase-ios-sdk" */;
			productName = "FirebaseAppDistribution-Beta";
		};
		A09976C02A960F3100445BD4 /* FirebaseAuth */ = {
			isa = XCSwiftPackageProductDependency;
			package = A09976B32A960F3000445BD4 /* XCRemoteSwiftPackageReference "firebase-ios-sdk" */;
			productName = FirebaseAuth;
		};
		A09976C22A960F3100445BD4 /* FirebaseAuthCombine-Community */ = {
			isa = XCSwiftPackageProductDependency;
			package = A09976B32A960F3000445BD4 /* XCRemoteSwiftPackageReference "firebase-ios-sdk" */;
			productName = "FirebaseAuthCombine-Community";
		};
		A09976C42A960F3100445BD4 /* FirebaseCrashlytics */ = {
			isa = XCSwiftPackageProductDependency;
			package = A09976B32A960F3000445BD4 /* XCRemoteSwiftPackageReference "firebase-ios-sdk" */;
			productName = FirebaseCrashlytics;
		};
		A09976C62A960F3100445BD4 /* FirebaseDatabase */ = {
			isa = XCSwiftPackageProductDependency;
			package = A09976B32A960F3000445BD4 /* XCRemoteSwiftPackageReference "firebase-ios-sdk" */;
			productName = FirebaseDatabase;
		};
		A09976C82A960F3100445BD4 /* FirebaseDatabaseSwift */ = {
			isa = XCSwiftPackageProductDependency;
			package = A09976B32A960F3000445BD4 /* XCRemoteSwiftPackageReference "firebase-ios-sdk" */;
			productName = FirebaseDatabaseSwift;
		};
		A09976CA2A960F3100445BD4 /* FirebaseDynamicLinks */ = {
			isa = XCSwiftPackageProductDependency;
			package = A09976B32A960F3000445BD4 /* XCRemoteSwiftPackageReference "firebase-ios-sdk" */;
			productName = FirebaseDynamicLinks;
		};
		A09976CC2A960F3100445BD4 /* FirebaseFirestore */ = {
			isa = XCSwiftPackageProductDependency;
			package = A09976B32A960F3000445BD4 /* XCRemoteSwiftPackageReference "firebase-ios-sdk" */;
			productName = FirebaseFirestore;
		};
		A09976CE2A960F3100445BD4 /* FirebaseFirestoreCombine-Community */ = {
			isa = XCSwiftPackageProductDependency;
			package = A09976B32A960F3000445BD4 /* XCRemoteSwiftPackageReference "firebase-ios-sdk" */;
			productName = "FirebaseFirestoreCombine-Community";
		};
		A09976D02A960F3100445BD4 /* FirebaseFirestoreSwift */ = {
			isa = XCSwiftPackageProductDependency;
			package = A09976B32A960F3000445BD4 /* XCRemoteSwiftPackageReference "firebase-ios-sdk" */;
			productName = FirebaseFirestoreSwift;
		};
		A09976D22A960F3100445BD4 /* FirebaseFunctions */ = {
			isa = XCSwiftPackageProductDependency;
			package = A09976B32A960F3000445BD4 /* XCRemoteSwiftPackageReference "firebase-ios-sdk" */;
			productName = FirebaseFunctions;
		};
		A09976D42A960F3100445BD4 /* FirebaseFunctionsCombine-Community */ = {
			isa = XCSwiftPackageProductDependency;
			package = A09976B32A960F3000445BD4 /* XCRemoteSwiftPackageReference "firebase-ios-sdk" */;
			productName = "FirebaseFunctionsCombine-Community";
		};
		A09976D62A960F3100445BD4 /* FirebaseInAppMessaging-Beta */ = {
			isa = XCSwiftPackageProductDependency;
			package = A09976B32A960F3000445BD4 /* XCRemoteSwiftPackageReference "firebase-ios-sdk" */;
			productName = "FirebaseInAppMessaging-Beta";
		};
		A09976D82A960F3100445BD4 /* FirebaseInAppMessagingSwift-Beta */ = {
			isa = XCSwiftPackageProductDependency;
			package = A09976B32A960F3000445BD4 /* XCRemoteSwiftPackageReference "firebase-ios-sdk" */;
			productName = "FirebaseInAppMessagingSwift-Beta";
		};
		A09976DA2A960F3100445BD4 /* FirebaseInstallations */ = {
			isa = XCSwiftPackageProductDependency;
			package = A09976B32A960F3000445BD4 /* XCRemoteSwiftPackageReference "firebase-ios-sdk" */;
			productName = FirebaseInstallations;
		};
		A09976DC2A960F3100445BD4 /* FirebaseMLModelDownloader */ = {
			isa = XCSwiftPackageProductDependency;
			package = A09976B32A960F3000445BD4 /* XCRemoteSwiftPackageReference "firebase-ios-sdk" */;
			productName = FirebaseMLModelDownloader;
		};
		A09976DE2A960F3100445BD4 /* FirebaseMessaging */ = {
			isa = XCSwiftPackageProductDependency;
			package = A09976B32A960F3000445BD4 /* XCRemoteSwiftPackageReference "firebase-ios-sdk" */;
			productName = FirebaseMessaging;
		};
		A09976E02A960F3100445BD4 /* FirebasePerformance */ = {
			isa = XCSwiftPackageProductDependency;
			package = A09976B32A960F3000445BD4 /* XCRemoteSwiftPackageReference "firebase-ios-sdk" */;
			productName = FirebasePerformance;
		};
		A09976E22A960F3100445BD4 /* FirebaseRemoteConfig */ = {
			isa = XCSwiftPackageProductDependency;
			package = A09976B32A960F3000445BD4 /* XCRemoteSwiftPackageReference "firebase-ios-sdk" */;
			productName = FirebaseRemoteConfig;
		};
		A09976E42A960F3100445BD4 /* FirebaseRemoteConfigSwift */ = {
			isa = XCSwiftPackageProductDependency;
			package = A09976B32A960F3000445BD4 /* XCRemoteSwiftPackageReference "firebase-ios-sdk" */;
			productName = FirebaseRemoteConfigSwift;
		};
		A09976E62A960F3100445BD4 /* FirebaseStorage */ = {
			isa = XCSwiftPackageProductDependency;
			package = A09976B32A960F3000445BD4 /* XCRemoteSwiftPackageReference "firebase-ios-sdk" */;
			productName = FirebaseStorage;
		};
		A09976E82A960F3100445BD4 /* FirebaseStorageCombine-Community */ = {
			isa = XCSwiftPackageProductDependency;
			package = A09976B32A960F3000445BD4 /* XCRemoteSwiftPackageReference "firebase-ios-sdk" */;
			productName = "FirebaseStorageCombine-Community";
		};
/* End XCSwiftPackageProductDependency section */
	};
	rootObject = A08932BC2A6EC3BF00C2903F /* Project object */;
}
